
Microsoft Visual Studio Solution File, Format Version 12.00
# Visual Studio Version 16
VisualStudioVersion = 16.0.29020.237
MinimumVisualStudioVersion = 10.0.40219.1
Project("{9A19103F-16F7-4668-BE54-9A1E7A4F7556}") = "VIN.WebApi", "VIN.WebApi\VIN.WebApi.csproj", "{373C2B36-39CF-49EC-BA6B-E37248C000D8}"
EndProject
Project("{2150E333-8FDC-42A3-9474-1A3956D46DE8}") = "1 - Presentation", "1 - Presentation", "{877ACB65-0FE3-46E6-8706-8A1EE4D47F23}"
EndProject
Project("{2150E333-8FDC-42A3-9474-1A3956D46DE8}") = "2 - Application", "2 - Application", "{652E3830-03C6-4173-A33E-12ABFBD8DCA3}"
EndProject
Project("{2150E333-8FDC-42A3-9474-1A3956D46DE8}") = "3 - Domain", "3 - Domain", "{9EBA27FE-4EDF-4936-B5CA-37933D2A3BD5}"
EndProject
Project("{2150E333-8FDC-42A3-9474-1A3956D46DE8}") = "4 - Infra", "4 - Infra", "{FEC7B5FC-1E6D-41C9-968C-A28BD975F10F}"
EndProject
Project("{9A19103F-16F7-4668-BE54-9A1E7A4F7556}") = "VIN.Application", "VIN.Application\VIN.Application.csproj", "{005814E4-26D5-440F-AD6C-CA5A1238D8A1}"
EndProject
Project("{2150E333-8FDC-42A3-9474-1A3956D46DE8}") = "5 - Tests", "5 - Tests", "{7B4C44C2-56B4-4676-965F-8A8933608A52}"
EndProject
Project("{2150E333-8FDC-42A3-9474-1A3956D46DE8}") = "4.1 - Data", "4.1 - Data", "{E5D8A112-F7F5-48A7-B2F3-21F2DF26A8AF}"
EndProject
Project("{2150E333-8FDC-42A3-9474-1A3956D46DE8}") = "4.2 - Http", "4.2 - Http", "{EEE0926A-ED36-4A84-B963-AB7324F946D9}"
EndProject
Project("{2150E333-8FDC-42A3-9474-1A3956D46DE8}") = "4.3 - Helpers", "4.3 - Helpers", "{CE7F1EC8-0F16-4026-893E-75BB49A4E9BB}"
EndProject
Project("{9A19103F-16F7-4668-BE54-9A1E7A4F7556}") = "VIN.Domain", "VIN.Domain\VIN.Domain.csproj", "{B2582585-8B7A-4FAA-889E-A5FFBCCD5EC4}"
EndProject
Project("{E53339B2-1760-4266-BCC7-CA923CBCF16C}") = "docker-compose", "docker-compose.dcproj", "{9B800DB4-A353-4A85-ACBE-F9BB589C9163}"
EndProject
Global
	GlobalSection(SolutionConfigurationPlatforms) = preSolution
		Debug|Any CPU = Debug|Any CPU
		Release|Any CPU = Release|Any CPU
	EndGlobalSection
	GlobalSection(ProjectConfigurationPlatforms) = postSolution
		{373C2B36-39CF-49EC-BA6B-E37248C000D8}.Debug|Any CPU.ActiveCfg = Debug|Any CPU
		{373C2B36-39CF-49EC-BA6B-E37248C000D8}.Debug|Any CPU.Build.0 = Debug|Any CPU
		{373C2B36-39CF-49EC-BA6B-E37248C000D8}.Release|Any CPU.ActiveCfg = Release|Any CPU
		{373C2B36-39CF-49EC-BA6B-E37248C000D8}.Release|Any CPU.Build.0 = Release|Any CPU
		{005814E4-26D5-440F-AD6C-CA5A1238D8A1}.Debug|Any CPU.ActiveCfg = Debug|Any CPU
		{005814E4-26D5-440F-AD6C-CA5A1238D8A1}.Debug|Any CPU.Build.0 = Debug|Any CPU
		{005814E4-26D5-440F-AD6C-CA5A1238D8A1}.Release|Any CPU.ActiveCfg = Release|Any CPU
		{005814E4-26D5-440F-AD6C-CA5A1238D8A1}.Release|Any CPU.Build.0 = Release|Any CPU
		{B2582585-8B7A-4FAA-889E-A5FFBCCD5EC4}.Debug|Any CPU.ActiveCfg = Debug|Any CPU
		{B2582585-8B7A-4FAA-889E-A5FFBCCD5EC4}.Debug|Any CPU.Build.0 = Debug|Any CPU
		{B2582585-8B7A-4FAA-889E-A5FFBCCD5EC4}.Release|Any CPU.ActiveCfg = Release|Any CPU
		{B2582585-8B7A-4FAA-889E-A5FFBCCD5EC4}.Release|Any CPU.Build.0 = Release|Any CPU
		{9B800DB4-A353-4A85-ACBE-F9BB589C9163}.Debug|Any CPU.ActiveCfg = Debug|Any CPU
		{9B800DB4-A353-4A85-ACBE-F9BB589C9163}.Debug|Any CPU.Build.0 = Debug|Any CPU
		{9B800DB4-A353-4A85-ACBE-F9BB589C9163}.Release|Any CPU.ActiveCfg = Release|Any CPU
		{9B800DB4-A353-4A85-ACBE-F9BB589C9163}.Release|Any CPU.Build.0 = Release|Any CPU
	EndGlobalSection
	GlobalSection(SolutionProperties) = preSolution
		HideSolutionNode = FALSE
	EndGlobalSection
	GlobalSection(NestedProjects) = preSolution
		{373C2B36-39CF-49EC-BA6B-E37248C000D8} = {877ACB65-0FE3-46E6-8706-8A1EE4D47F23}
		{005814E4-26D5-440F-AD6C-CA5A1238D8A1} = {652E3830-03C6-4173-A33E-12ABFBD8DCA3}
		{E5D8A112-F7F5-48A7-B2F3-21F2DF26A8AF} = {FEC7B5FC-1E6D-41C9-968C-A28BD975F10F}
		{EEE0926A-ED36-4A84-B963-AB7324F946D9} = {FEC7B5FC-1E6D-41C9-968C-A28BD975F10F}
		{CE7F1EC8-0F16-4026-893E-75BB49A4E9BB} = {FEC7B5FC-1E6D-41C9-968C-A28BD975F10F}
		{B2582585-8B7A-4FAA-889E-A5FFBCCD5EC4} = {9EBA27FE-4EDF-4936-B5CA-37933D2A3BD5}
	EndGlobalSection
	GlobalSection(ExtensibilityGlobals) = postSolution
		SolutionGuid = {B38F12B0-5490-4DF7-B72C-232E81B4C05F}
	EndGlobalSection
EndGlobal
